<?xml version="1.0" encoding="utf-8"?>
<Project ToolsVersion="4.0" xmlns="http://schemas.microsoft.com/developer/msbuild/2003">
  <ItemGroup>
    <Filter Include="Source Files">
      <UniqueIdentifier>{4FC737F1-C7A5-4376-A066-2A32D752A2FF}</UniqueIdentifier>
      <Extensions>cpp;c;cc;cxx;def;odl;idl;hpj;bat;asm;asmx</Extensions>
    </Filter>
    <Filter Include="Header Files">
      <UniqueIdentifier>{93995380-89BD-4b04-88EB-625FBE52EBFB}</UniqueIdentifier>
      <Extensions>h;hpp;hxx;hm;inl;inc;xsd</Extensions>
    </Filter>
    <Filter Include="Resource Files">
      <UniqueIdentifier>{67DA6AB6-F800-4c08-8B7A-83BB121AAD01}</UniqueIdentifier>
      <Extensions>rc;ico;cur;bmp;dlg;rc2;rct;bin;rgs;gif;jpg;jpeg;jpe;resx;tiff;tif;png;wav;mfcribbon-ms</Extensions>
    </Filter>
  </ItemGroup>
  <ItemGroup>
    <None Include="ReadMe.txt" />
    <None Include="app.ico">
      <Filter>Resource Files</Filter>
    </None>
    <None Include="ClassDiagram1.cd" />
  </ItemGroup>
  <ItemGroup>
    <ClCompile Include="Guest-House-Management.cpp">
      <Filter>Source Files</Filter>
    </ClCompile>
    <ClCompile Include="AssemblyInfo.cpp">
      <Filter>Source Files</Filter>
    </ClCompile>
    <ClCompile Include="stdafx.cpp">
      <Filter>Source Files</Filter>
    </ClCompile>
    <ClCompile Include="UserControl_Login.cpp">
      <Filter>Source Files</Filter>
    </ClCompile>
    <ClCompile Include="UserControl_Signup.cpp">
      <Filter>Source Files</Filter>
    </ClCompile>
    <ClCompile Include="Form_Reception.cpp">
      <Filter>Source Files</Filter>
    </ClCompile>
    <ClCompile Include="UserControl_Guest_House_Info.cpp">
      <Filter>Source Files</Filter>
    </ClCompile>
    <ClCompile Include="UserControl_User_Types.cpp">
      <Filter>Source Files</Filter>
    </ClCompile>
    <ClCompile Include="UserControl_Room_Types.cpp">
      <Filter>Source Files</Filter>
    </ClCompile>
    <ClCompile Include="UserControl_Staff.cpp">
      <Filter>Source Files</Filter>
    </ClCompile>
    <ClCompile Include="UserControl_Staff_Register.cpp">
      <Filter>Source Files</Filter>
    </ClCompile>
    <ClCompile Include="UserControl_Staff_Leave.cpp">
      <Filter>Source Files</Filter>
    </ClCompile>
    <ClCompile Include="UserControl_Staff_Record.cpp">
      <Filter>Source Files</Filter>
    </ClCompile>
    <ClCompile Include="UserControl_Staff_Planner.cpp">
      <Filter>Source Files</Filter>
    </ClCompile>
    <ClCompile Include="UserControl_Staff_Edit.cpp">
      <Filter>Source Files</Filter>
    </ClCompile>
    <ClCompile Include="UserControl_Add_Room.cpp">
      <Filter>Source Files</Filter>
    </ClCompile>
    <ClCompile Include="UserControl_Status_Room.cpp">
      <Filter>Source Files</Filter>
    </ClCompile>
    <ClCompile Include="UserControl_Approve_Users.cpp">
      <Filter>Source Files</Filter>
    </ClCompile>
    <ClCompile Include="Form_Edit_Staff_Details.cpp">
      <Filter>Source Files</Filter>
    </ClCompile>
    <ClCompile Include="UserControl_Staff_Edit_Details.cpp">
      <Filter>Source Files</Filter>
    </ClCompile>
    <ClCompile Include="UserControl_Staff_View_Details.cpp">
      <Filter>Source Files</Filter>
    </ClCompile>
    <ClCompile Include="Form_Customer_Homepage.cpp">
      <Filter>Source Files</Filter>
    </ClCompile>
    <ClCompile Include="UserControl_Floor_Map.cpp">
      <Filter>Source Files</Filter>
    </ClCompile>
    <ClCompile Include="UserControl_Booking_Approval.cpp">
      <Filter>Source Files</Filter>
    </ClCompile>
    <ClCompile Include="UserControl_Customer_Feedback.cpp">
      <Filter>Source Files</Filter>
    </ClCompile>
    <ClCompile Include="Form_Edit_Booking.cpp">
      <Filter>Source Files</Filter>
    </ClCompile>
    <ClCompile Include="Form_Feedback.cpp">
      <Filter>Source Files</Filter>
    </ClCompile>
    <ClCompile Include="UserControl_Add_Cab_Details.cpp">
      <Filter>Source Files</Filter>
    </ClCompile>
    <ClCompile Include="UserControl_Add_Places.cpp">
      <Filter>Source Files</Filter>
    </ClCompile>
    <ClCompile Include="UserControl_Add_Restaurant.cpp">
      <Filter>Source Files</Filter>
    </ClCompile>
    <ClCompile Include="UserControl_Customer_Book_Edit.cpp">
      <Filter>Source Files</Filter>
    </ClCompile>
    <ClCompile Include="UserControl_GuestHouseDetails.cpp">
      <Filter>Source Files</Filter>
    </ClCompile>
    <ClCompile Include="UserControl_Staff_Leave_Approval.cpp">
      <Filter>Source Files</Filter>
    </ClCompile>
    <ClCompile Include="UserControl_Customer_Admin_Feedback.cpp">
      <Filter>Source Files</Filter>
    </ClCompile>
    <ClCompile Include="UserControl_Room_Types2.cpp">
      <Filter>Source Files</Filter>
    </ClCompile>
    <ClCompile Include="UserControl_Generate_Bill.cpp">
      <Filter>Source Files</Filter>
    </ClCompile>
    <ClCompile Include="UserControl_Customer_Housekeeping.cpp">
      <Filter>Source Files</Filter>
    </ClCompile>
    <ClCompile Include="UserControl_Staff_Housekeeping_Approval.cpp">
      <Filter>Source Files</Filter>
    </ClCompile>
    <ClCompile Include="UserControl_Staff_Booking_Display.cpp">
      <Filter>Source Files</Filter>
    </ClCompile>
    <ClCompile Include="Form_Show_Guest_House_Facilities.cpp">
      <Filter>Source Files</Filter>
    </ClCompile>
    <ClCompile Include="UserControl_Add_Mess.cpp">
      <Filter>Source Files</Filter>
    </ClCompile>
    <ClCompile Include="UserControl_In_Stay_Facilities.cpp">
      <Filter>Source Files</Filter>
    </ClCompile>
    <ClCompile Include="UserControl_Mess_Rates.cpp">
      <Filter>Source Files</Filter>
    </ClCompile>
    <ClCompile Include="UserControl_View_Cab.cpp">
      <Filter>Source Files</Filter>
    </ClCompile>
    <ClCompile Include="UserControl_View_Mess.cpp">
      <Filter>Source Files</Filter>
    </ClCompile>
    <ClCompile Include="UserControl_View_Restaurants.cpp">
      <Filter>Source Files</Filter>
    </ClCompile>
    <ClCompile Include="UserControl_View_TouristPlaces.cpp">
      <Filter>Source Files</Filter>
    </ClCompile>
    <ClCompile Include="UserControl_Staff_Planner_Requirements.cpp">
      <Filter>Source Files</Filter>
    </ClCompile>
    <ClCompile Include="UserControl_Extra_Charges.cpp">
      <Filter>Source Files</Filter>
    </ClCompile>
    <ClCompile Include="UserControl_Password_Change.cpp">
      <Filter>Source Files</Filter>
    </ClCompile>
  </ItemGroup>
  <ItemGroup>
    <ClInclude Include="Form1.h">
      <Filter>Header Files</Filter>
    </ClInclude>
    <ClInclude Include="stdafx.h">
      <Filter>Header Files</Filter>
    </ClInclude>
    <ClInclude Include="resource.h">
      <Filter>Header Files</Filter>
    </ClInclude>
    <ClInclude Include="UserControl_Login.h">
      <Filter>Header Files</Filter>
    </ClInclude>
    <ClInclude Include="UserControl_Signup.h">
      <Filter>Header Files</Filter>
    </ClInclude>
    <ClInclude Include="Form_Reception.h">
      <Filter>Header Files</Filter>
    </ClInclude>
    <ClInclude Include="UserControl_Guest_House_Info.h">
      <Filter>Header Files</Filter>
    </ClInclude>
    <ClInclude Include="UserControl_User_Types.h">
      <Filter>Header Files</Filter>
    </ClInclude>
    <ClInclude Include="UserControl_Staff.h">
      <Filter>Header Files</Filter>
    </ClInclude>
    <ClInclude Include="UserControl_Staff_Register.h">
      <Filter>Header Files</Filter>
    </ClInclude>
    <ClInclude Include="UserControl_Staff_Leave.h">
      <Filter>Header Files</Filter>
    </ClInclude>
    <ClInclude Include="UserControl_Staff_Record.h">
      <Filter>Header Files</Filter>
    </ClInclude>
    <ClInclude Include="UserControl_Staff_Planner.h">
      <Filter>Header Files</Filter>
    </ClInclude>
    <ClInclude Include="UserControl_Staff_Edit.h">
      <Filter>Header Files</Filter>
    </ClInclude>
    <ClInclude Include="UserControl_Add_Room.h">
      <Filter>Header Files</Filter>
    </ClInclude>
    <ClInclude Include="UserControl_Status_Room.h">
      <Filter>Header Files</Filter>
    </ClInclude>
    <ClInclude Include="UserControl_Approve_Users.h">
      <Filter>Header Files</Filter>
    </ClInclude>
    <ClInclude Include="Form_Edit_Staff_Details.h">
      <Filter>Header Files</Filter>
    </ClInclude>
    <ClInclude Include="UserControl_Staff_Edit_Details.h">
      <Filter>Header Files</Filter>
    </ClInclude>
    <ClInclude Include="UserControl_Staff_View_Details.h">
      <Filter>Header Files</Filter>
    </ClInclude>
    <ClInclude Include="UserControl_Customer_Booking.h">
      <Filter>Header Files</Filter>
    </ClInclude>
    <ClInclude Include="Form_Customer_Homepage.h">
      <Filter>Header Files</Filter>
    </ClInclude>
    <ClInclude Include="UserControl_Floor_Map.h">
      <Filter>Header Files</Filter>
    </ClInclude>
    <ClInclude Include="UserControl_Booking_Approval.h">
      <Filter>Header Files</Filter>
    </ClInclude>
    <ClInclude Include="UserControl_Customer_Feedback.h">
      <Filter>Header Files</Filter>
    </ClInclude>
    <ClInclude Include="Form_Edit_Booking.h">
      <Filter>Header Files</Filter>
    </ClInclude>
    <ClInclude Include="Form_Feedback.h">
      <Filter>Header Files</Filter>
    </ClInclude>
    <ClInclude Include="UserControl_Add_Cab_Details.h">
      <Filter>Header Files</Filter>
    </ClInclude>
    <ClInclude Include="UserControl_Add_Places.h">
      <Filter>Header Files</Filter>
    </ClInclude>
    <ClInclude Include="UserControl_Add_Restaurant.h">
      <Filter>Header Files</Filter>
    </ClInclude>
    <ClInclude Include="UserControl_Customer_Book_Edit.h">
      <Filter>Header Files</Filter>
    </ClInclude>
    <ClInclude Include="UserControl_GuestHouseDetails.h">
      <Filter>Header Files</Filter>
    </ClInclude>
    <ClInclude Include="UserControl_Staff_Leave_Approval.h">
      <Filter>Header Files</Filter>
    </ClInclude>
    <ClInclude Include="UserControl_Customer_Admin_Feedback.h">
      <Filter>Header Files</Filter>
    </ClInclude>
    <ClInclude Include="UserControl_Room_Types2.h">
      <Filter>Header Files</Filter>
    </ClInclude>
    <ClInclude Include="UserControl_Generate_Bill.h">
      <Filter>Header Files</Filter>
    </ClInclude>
    <ClInclude Include="tosstring.h">
      <Filter>Header Files</Filter>
    </ClInclude>
    <ClInclude Include="UserControl_Customer_Housekeeping.h">
      <Filter>Header Files</Filter>
    </ClInclude>
    <ClInclude Include="UserControl_Staff_Housekeeping_Approval.h">
      <Filter>Header Files</Filter>
    </ClInclude>
    <ClInclude Include="UserControl_Staff_Booking_Display.h">
      <Filter>Header Files</Filter>
    </ClInclude>
    <ClInclude Include="Form_Show_Guest_House_Facilities.h">
      <Filter>Header Files</Filter>
    </ClInclude>
    <ClInclude Include="UserControl_Add_Mess.h">
      <Filter>Header Files</Filter>
    </ClInclude>
    <ClInclude Include="UserControl_In_Stay_Facilities.h">
      <Filter>Header Files</Filter>
    </ClInclude>
    <ClInclude Include="UserControl_Mess_Rates.h">
      <Filter>Header Files</Filter>
    </ClInclude>
    <ClInclude Include="UserControl_View_Cab.h">
      <Filter>Header Files</Filter>
    </ClInclude>
    <ClInclude Include="UserControl_View_Mess.h">
      <Filter>Header Files</Filter>
    </ClInclude>
    <ClInclude Include="UserControl_View_Restaurants.h">
      <Filter>Header Files</Filter>
    </ClInclude>
    <ClInclude Include="UserControl_View_TouristPlaces.h">
      <Filter>Header Files</Filter>
    </ClInclude>
    <ClInclude Include="UserControl_Staff_Planner_Requirements.h">
      <Filter>Header Files</Filter>
    </ClInclude>
    <ClInclude Include="UserControl_Extra_Charges.h">
      <Filter>Header Files</Filter>
    </ClInclude>
    <ClInclude Include="UserControl_Password_Change.h">
      <Filter>Header Files</Filter>
    </ClInclude>
  </ItemGroup>
  <ItemGroup>
    <ResourceCompile Include="app.rc">
      <Filter>Resource Files</Filter>
    </ResourceCompile>
  </ItemGroup>
  <ItemGroup>
    <EmbeddedResource Include="Form1.resX">
      <Filter>Resource Files</Filter>
    </EmbeddedResource>
    <EmbeddedResource Include="UserControl_Login.resx">
      <Filter>Resource Files</Filter>
    </EmbeddedResource>
    <EmbeddedResource Include="UserControl_Signup.resx">
      <Filter>Resource Files</Filter>
    </EmbeddedResource>
    <EmbeddedResource Include="Form_Reception.resx">
      <Filter>Resource Files</Filter>
    </EmbeddedResource>
    <EmbeddedResource Include="UserControl_Guest_House_Info.resx">
      <Filter>Resource Files</Filter>
    </EmbeddedResource>
    <EmbeddedResource Include="UserControl_User_Types.resx">
      <Filter>Resource Files</Filter>
    </EmbeddedResource>
    <EmbeddedResource Include="UserControl_Staff.resx">
      <Filter>Resource Files</Filter>
    </EmbeddedResource>
    <EmbeddedResource Include="UserControl_Staff_Edit.resx">
      <Filter>Resource Files</Filter>
    </EmbeddedResource>
    <EmbeddedResource Include="UserControl_Staff_Leave.resx">
      <Filter>Resource Files</Filter>
    </EmbeddedResource>
    <EmbeddedResource Include="UserControl_Staff_Planner.resx">
      <Filter>Resource Files</Filter>
    </EmbeddedResource>
    <EmbeddedResource Include="UserControl_Staff_Record.resx">
      <Filter>Resource Files</Filter>
    </EmbeddedResource>
    <EmbeddedResource Include="UserControl_Staff_Register.resx">
      <Filter>Resource Files</Filter>
    </EmbeddedResource>
    <EmbeddedResource Include="UserControl_Add_Room.resx">
      <Filter>Resource Files</Filter>
    </EmbeddedResource>
    <EmbeddedResource Include="UserControl_Status_Room.resx">
      <Filter>Resource Files</Filter>
    </EmbeddedResource>
    <EmbeddedResource Include="Form_Edit_Staff_Details.resx">
      <Filter>Resource Files</Filter>
    </EmbeddedResource>
    <EmbeddedResource Include="UserControl_Approve_Users.resx">
      <Filter>Resource Files</Filter>
    </EmbeddedResource>
    <EmbeddedResource Include="UserControl_Staff_Edit_Details.resx">
      <Filter>Resource Files</Filter>
    </EmbeddedResource>
    <EmbeddedResource Include="UserControl_Staff_View_Details.resx">
      <Filter>Resource Files</Filter>
    </EmbeddedResource>
    <EmbeddedResource Include="UserControl_Customer_Booking.resx">
      <Filter>Resource Files</Filter>
    </EmbeddedResource>
    <EmbeddedResource Include="UserControl_Floor_Map.resx">
      <Filter>Resource Files</Filter>
    </EmbeddedResource>
    <EmbeddedResource Include="UserControl_Booking_Approval.resx">
      <Filter>Resource Files</Filter>
    </EmbeddedResource>
    <EmbeddedResource Include="Form_Customer_Homepage.resx">
      <Filter>Resource Files</Filter>
    </EmbeddedResource>
    <EmbeddedResource Include="Form_Edit_Booking.resx">
      <Filter>Resource Files</Filter>
    </EmbeddedResource>
    <EmbeddedResource Include="Form_Feedback.resx">
      <Filter>Resource Files</Filter>
    </EmbeddedResource>
    <EmbeddedResource Include="UserControl_Add_Cab_Details.resx">
      <Filter>Resource Files</Filter>
    </EmbeddedResource>
    <EmbeddedResource Include="UserControl_Add_Places.resx">
      <Filter>Resource Files</Filter>
    </EmbeddedResource>
    <EmbeddedResource Include="UserControl_Add_Restaurant.resx">
      <Filter>Resource Files</Filter>
    </EmbeddedResource>
    <EmbeddedResource Include="UserControl_Customer_Admin_Feedback.resx">
      <Filter>Resource Files</Filter>
    </EmbeddedResource>
    <EmbeddedResource Include="UserControl_Customer_Book_Edit.resx">
      <Filter>Resource Files</Filter>
    </EmbeddedResource>
    <EmbeddedResource Include="UserControl_Customer_Feedback.resx">
      <Filter>Resource Files</Filter>
    </EmbeddedResource>
    <EmbeddedResource Include="UserControl_GuestHouseDetails.resx">
      <Filter>Resource Files</Filter>
    </EmbeddedResource>
    <EmbeddedResource Include="UserControl_Staff_Leave_Approval.resx">
      <Filter>Resource Files</Filter>
    </EmbeddedResource>
    <EmbeddedResource Include="UserControl_Room_Types.resx">
      <Filter>Resource Files</Filter>
    </EmbeddedResource>
    <EmbeddedResource Include="UserControl_Room_Types2.resx">
      <Filter>Resource Files</Filter>
    </EmbeddedResource>
    <EmbeddedResource Include="UserControl_Generate_Bill.resx">
      <Filter>Resource Files</Filter>
    </EmbeddedResource>
    <EmbeddedResource Include="UserControl_Customer_Housekeeping.resx">
      <Filter>Resource Files</Filter>
    </EmbeddedResource>
    <EmbeddedResource Include="UserControl_Staff_Booking_Display.resx">
      <Filter>Resource Files</Filter>
    </EmbeddedResource>
    <EmbeddedResource Include="UserControl_Staff_Housekeeping_Approval.resx">
      <Filter>Resource Files</Filter>
    </EmbeddedResource>
    <EmbeddedResource Include="Form_Show_Guest_House_Facilities.resx">
      <Filter>Resource Files</Filter>
    </EmbeddedResource>
    <EmbeddedResource Include="UserControl_Add_Mess.resx">
      <Filter>Resource Files</Filter>
    </EmbeddedResource>
    <EmbeddedResource Include="UserControl_In_Stay_Facilities.resx">
      <Filter>Resource Files</Filter>
    </EmbeddedResource>
    <EmbeddedResource Include="UserControl_Mess_Rates.resx">
      <Filter>Resource Files</Filter>
    </EmbeddedResource>
    <EmbeddedResource Include="UserControl_View_Cab.resx">
      <Filter>Resource Files</Filter>
    </EmbeddedResource>
    <EmbeddedResource Include="UserControl_View_Mess.resx">
      <Filter>Resource Files</Filter>
    </EmbeddedResource>
    <EmbeddedResource Include="UserControl_View_Restaurants.resx">
      <Filter>Resource Files</Filter>
    </EmbeddedResource>
    <EmbeddedResource Include="UserControl_View_TouristPlaces.resx">
      <Filter>Resource Files</Filter>
    </EmbeddedResource>
    <EmbeddedResource Include="UserControl_Extra_Charges.resx">
      <Filter>Resource Files</Filter>
    </EmbeddedResource>
    <EmbeddedResource Include="UserControl_Staff_Planner_Requirements.resx">
      <Filter>Resource Files</Filter>
    </EmbeddedResource>
  </ItemGroup>
  <ItemGroup>
    <Object Include="Debug\UserControl_Room_Types.obj" />
  </ItemGroup>
</Project>